
Microsoft Visual Studio Solution File, Format Version 12.00
# Visual Studio Version 17
VisualStudioVersion = 17.14.36121.58
MinimumVisualStudioVersion = 10.0.40219.1
Project("{2150E333-8FDC-42A3-9474-1A3956D46DE8}") = "Solution Items", "Solution Items", "{8EC462FD-D22E-90A8-E5CE-7E832BA40C5D}"
	ProjectSection(SolutionItems) = preProject
		.gitattributes = .gitattributes
		.gitignore = .gitignore
		docker-compose.yml = docker-compose.yml
		docs\postman\Exam-API.postman_collection.json = docs\postman\Exam-API.postman_collection.json
		docs\postman\Exam-API.postman_environment.json = docs\postman\Exam-API.postman_environment.json
		docs\TESTING_GUIDE.md = docs\TESTING_GUIDE.md
	EndProjectSection
EndProject
Project("{2150E333-8FDC-42A3-9474-1A3956D46DE8}") = "src", "src", "{02EA681E-C7D8-13C7-8484-4AC65E1B71E8}"
EndProject
Project("{2150E333-8FDC-42A3-9474-1A3956D46DE8}") = "tests", "tests", "{C360E2DE-18FD-46A4-816E-200181CA0DBE}"
EndProject
Project("{FAE04EC0-301F-11D3-BF4B-00C04F79EFBC}") = "Exam.Infrastructure.IntegrationTest", "tests\Exam.Infrastructure.IntegrationTest\Exam.Infrastructure.IntegrationTest.csproj", "{96177C94-F3CE-4D14-9D31-FB3E9A020411}"
EndProject
Project("{FAE04EC0-301F-11D3-BF4B-00C04F79EFBC}") = "Exam.Application.UnitTests", "tests\Exam.Application.UnitTests\Exam.Application.UnitTests.csproj", "{A1932A19-4C1E-4EF9-930E-BE9E8D328E27}"
EndProject
Project("{FAE04EC0-301F-11D3-BF4B-00C04F79EFBC}") = "Identity.Server.IntegrationTests", "tests\Identity.Server.IntegrationTests\Identity.Server.IntegrationTests.csproj", "{CDEAD639-3510-795F-833A-5C324C0F3D02}"
EndProject
Project("{2150E333-8FDC-42A3-9474-1A3956D46DE8}") = "Exam", "Exam", "{19EB42E7-A8D7-4861-B2A8-AD07A97B2D0A}"
EndProject
Project("{2150E333-8FDC-42A3-9474-1A3956D46DE8}") = "Identity", "Identity", "{34F9EEDD-618C-4543-ACC9-19ABFC82243A}"
EndProject
Project("{2150E333-8FDC-42A3-9474-1A3956D46DE8}") = "Services", "Services", "{13DD898B-41C7-4B5A-B633-A2D0B5B299ED}"
EndProject
Project("{2150E333-8FDC-42A3-9474-1A3956D46DE8}") = "Web", "Web", "{3A3510D1-AA40-41CA-B181-A2D654FC8362}"
EndProject
Project("{FAE04EC0-301F-11D3-BF4B-00C04F79EFBC}") = "Exam.Domain.UnitTests", "tests\Exam.Domain.UnitTests\Exam.Domain.UnitTests.csproj", "{69DF0FB2-AACE-FBD5-9979-321232D0EB5C}"
EndProject
Project("{FAE04EC0-301F-11D3-BF4B-00C04F79EFBC}") = "Identity.Server", "src\Services\Identity\Identity.Server\Identity.Server.csproj", "{AAE47002-5FE4-1EB3-2A7E-BE934BA1D30B}"
EndProject
Project("{FAE04EC0-301F-11D3-BF4B-00C04F79EFBC}") = "Exam.API", "src\Services\Exam\Exam.API\Exam.API.csproj", "{363F88C5-2BC7-5F9D-8897-C5E6666A6D4E}"
EndProject
Project("{FAE04EC0-301F-11D3-BF4B-00C04F79EFBC}") = "Exam.Application", "src\Services\Exam\Exam.Application\Exam.Application.csproj", "{D4B42B13-2D4C-78C4-5C4A-20C108EE7BCF}"
EndProject
Project("{FAE04EC0-301F-11D3-BF4B-00C04F79EFBC}") = "Exam.Domain", "src\Services\Exam\Exam.Domain\Exam.Domain.csproj", "{374D4827-7506-C35D-4BC6-F6B6F6F18786}"
EndProject
Project("{FAE04EC0-301F-11D3-BF4B-00C04F79EFBC}") = "Exam.Infrastructure", "src\Services\Exam\Exam.Infrastructure\Exam.Infrastructure.csproj", "{1C66330B-F3BF-A616-807A-9CEFB9A3FE1D}"
EndProject
Project("{FAE04EC0-301F-11D3-BF4B-00C04F79EFBC}") = "Exam.WebApp", "src\Web\Exam.WebApp\Exam.WebApp.csproj", "{0963C5E9-FB3D-421E-8450-34B3780A2F91}"
EndProject
Project("{FAE04EC0-301F-11D3-BF4B-00C04F79EFBC}") = "Exam.Contracts", "src\Services\Exam\Exam.Contracts\Exam.Contracts.csproj", "{19C380C6-834A-48AB-8E83-EA19AAFCD233}"
EndProject
Global
	GlobalSection(SolutionConfigurationPlatforms) = preSolution
		Debug|Any CPU = Debug|Any CPU
		Debug|x64 = Debug|x64
		Debug|x86 = Debug|x86
		Release|Any CPU = Release|Any CPU
		Release|x64 = Release|x64
		Release|x86 = Release|x86
	EndGlobalSection
	GlobalSection(ProjectConfigurationPlatforms) = postSolution
		{96177C94-F3CE-4D14-9D31-FB3E9A020411}.Debug|Any CPU.ActiveCfg = Debug|Any CPU
		{96177C94-F3CE-4D14-9D31-FB3E9A020411}.Debug|Any CPU.Build.0 = Debug|Any CPU
		{96177C94-F3CE-4D14-9D31-FB3E9A020411}.Debug|x64.ActiveCfg = Debug|Any CPU
		{96177C94-F3CE-4D14-9D31-FB3E9A020411}.Debug|x64.Build.0 = Debug|Any CPU
		{96177C94-F3CE-4D14-9D31-FB3E9A020411}.Debug|x86.ActiveCfg = Debug|Any CPU
		{96177C94-F3CE-4D14-9D31-FB3E9A020411}.Debug|x86.Build.0 = Debug|Any CPU
		{96177C94-F3CE-4D14-9D31-FB3E9A020411}.Release|Any CPU.ActiveCfg = Release|Any CPU
		{96177C94-F3CE-4D14-9D31-FB3E9A020411}.Release|Any CPU.Build.0 = Release|Any CPU
		{96177C94-F3CE-4D14-9D31-FB3E9A020411}.Release|x64.ActiveCfg = Release|Any CPU
		{96177C94-F3CE-4D14-9D31-FB3E9A020411}.Release|x64.Build.0 = Release|Any CPU
		{96177C94-F3CE-4D14-9D31-FB3E9A020411}.Release|x86.ActiveCfg = Release|Any CPU
		{96177C94-F3CE-4D14-9D31-FB3E9A020411}.Release|x86.Build.0 = Release|Any CPU
		{A1932A19-4C1E-4EF9-930E-BE9E8D328E27}.Debug|Any CPU.ActiveCfg = Debug|Any CPU
		{A1932A19-4C1E-4EF9-930E-BE9E8D328E27}.Debug|Any CPU.Build.0 = Debug|Any CPU
		{A1932A19-4C1E-4EF9-930E-BE9E8D328E27}.Debug|x64.ActiveCfg = Debug|Any CPU
		{A1932A19-4C1E-4EF9-930E-BE9E8D328E27}.Debug|x64.Build.0 = Debug|Any CPU
		{A1932A19-4C1E-4EF9-930E-BE9E8D328E27}.Debug|x86.ActiveCfg = Debug|Any CPU
		{A1932A19-4C1E-4EF9-930E-BE9E8D328E27}.Debug|x86.Build.0 = Debug|Any CPU
		{A1932A19-4C1E-4EF9-930E-BE9E8D328E27}.Release|Any CPU.ActiveCfg = Release|Any CPU
		{A1932A19-4C1E-4EF9-930E-BE9E8D328E27}.Release|Any CPU.Build.0 = Release|Any CPU
		{A1932A19-4C1E-4EF9-930E-BE9E8D328E27}.Release|x64.ActiveCfg = Release|Any CPU
		{A1932A19-4C1E-4EF9-930E-BE9E8D328E27}.Release|x64.Build.0 = Release|Any CPU
		{A1932A19-4C1E-4EF9-930E-BE9E8D328E27}.Release|x86.ActiveCfg = Release|Any CPU
		{A1932A19-4C1E-4EF9-930E-BE9E8D328E27}.Release|x86.Build.0 = Release|Any CPU
		{CDEAD639-3510-795F-833A-5C324C0F3D02}.Debug|Any CPU.ActiveCfg = Debug|Any CPU
		{CDEAD639-3510-795F-833A-5C324C0F3D02}.Debug|Any CPU.Build.0 = Debug|Any CPU
		{CDEAD639-3510-795F-833A-5C324C0F3D02}.Debug|x64.ActiveCfg = Debug|Any CPU
		{CDEAD639-3510-795F-833A-5C324C0F3D02}.Debug|x64.Build.0 = Debug|Any CPU
		{CDEAD639-3510-795F-833A-5C324C0F3D02}.Debug|x86.ActiveCfg = Debug|Any CPU
		{CDEAD639-3510-795F-833A-5C324C0F3D02}.Debug|x86.Build.0 = Debug|Any CPU
		{CDEAD639-3510-795F-833A-5C324C0F3D02}.Release|Any CPU.ActiveCfg = Release|Any CPU
		{CDEAD639-3510-795F-833A-5C324C0F3D02}.Release|Any CPU.Build.0 = Release|Any CPU
		{CDEAD639-3510-795F-833A-5C324C0F3D02}.Release|x64.ActiveCfg = Release|Any CPU
		{CDEAD639-3510-795F-833A-5C324C0F3D02}.Release|x64.Build.0 = Release|Any CPU
		{CDEAD639-3510-795F-833A-5C324C0F3D02}.Release|x86.ActiveCfg = Release|Any CPU
		{CDEAD639-3510-795F-833A-5C324C0F3D02}.Release|x86.Build.0 = Release|Any CPU
		{69DF0FB2-AACE-FBD5-9979-321232D0EB5C}.Debug|Any CPU.ActiveCfg = Debug|Any CPU
		{69DF0FB2-AACE-FBD5-9979-321232D0EB5C}.Debug|Any CPU.Build.0 = Debug|Any CPU
		{69DF0FB2-AACE-FBD5-9979-321232D0EB5C}.Debug|x64.ActiveCfg = Debug|Any CPU
		{69DF0FB2-AACE-FBD5-9979-321232D0EB5C}.Debug|x64.Build.0 = Debug|Any CPU
		{69DF0FB2-AACE-FBD5-9979-321232D0EB5C}.Debug|x86.ActiveCfg = Debug|Any CPU
		{69DF0FB2-AACE-FBD5-9979-321232D0EB5C}.Debug|x86.Build.0 = Debug|Any CPU
		{69DF0FB2-AACE-FBD5-9979-321232D0EB5C}.Release|Any CPU.ActiveCfg = Release|Any CPU
		{69DF0FB2-AACE-FBD5-9979-321232D0EB5C}.Release|Any CPU.Build.0 = Release|Any CPU
		{69DF0FB2-AACE-FBD5-9979-321232D0EB5C}.Release|x64.ActiveCfg = Release|Any CPU
		{69DF0FB2-AACE-FBD5-9979-321232D0EB5C}.Release|x64.Build.0 = Release|Any CPU
		{69DF0FB2-AACE-FBD5-9979-321232D0EB5C}.Release|x86.ActiveCfg = Release|Any CPU
		{69DF0FB2-AACE-FBD5-9979-321232D0EB5C}.Release|x86.Build.0 = Release|Any CPU
		{AAE47002-5FE4-1EB3-2A7E-BE934BA1D30B}.Debug|Any CPU.ActiveCfg = Debug|Any CPU
		{AAE47002-5FE4-1EB3-2A7E-BE934BA1D30B}.Debug|Any CPU.Build.0 = Debug|Any CPU
		{AAE47002-5FE4-1EB3-2A7E-BE934BA1D30B}.Debug|x64.ActiveCfg = Debug|Any CPU
		{AAE47002-5FE4-1EB3-2A7E-BE934BA1D30B}.Debug|x64.Build.0 = Debug|Any CPU
		{AAE47002-5FE4-1EB3-2A7E-BE934BA1D30B}.Debug|x86.ActiveCfg = Debug|Any CPU
		{AAE47002-5FE4-1EB3-2A7E-BE934BA1D30B}.Debug|x86.Build.0 = Debug|Any CPU
		{AAE47002-5FE4-1EB3-2A7E-BE934BA1D30B}.Release|Any CPU.ActiveCfg = Release|Any CPU
		{AAE47002-5FE4-1EB3-2A7E-BE934BA1D30B}.Release|Any CPU.Build.0 = Release|Any CPU
		{AAE47002-5FE4-1EB3-2A7E-BE934BA1D30B}.Release|x64.ActiveCfg = Release|Any CPU
		{AAE47002-5FE4-1EB3-2A7E-BE934BA1D30B}.Release|x64.Build.0 = Release|Any CPU
		{AAE47002-5FE4-1EB3-2A7E-BE934BA1D30B}.Release|x86.ActiveCfg = Release|Any CPU
		{AAE47002-5FE4-1EB3-2A7E-BE934BA1D30B}.Release|x86.Build.0 = Release|Any CPU
		{363F88C5-2BC7-5F9D-8897-C5E6666A6D4E}.Debug|Any CPU.ActiveCfg = Debug|Any CPU
		{363F88C5-2BC7-5F9D-8897-C5E6666A6D4E}.Debug|Any CPU.Build.0 = Debug|Any CPU
		{363F88C5-2BC7-5F9D-8897-C5E6666A6D4E}.Debug|x64.ActiveCfg = Debug|Any CPU
		{363F88C5-2BC7-5F9D-8897-C5E6666A6D4E}.Debug|x64.Build.0 = Debug|Any CPU
		{363F88C5-2BC7-5F9D-8897-C5E6666A6D4E}.Debug|x86.ActiveCfg = Debug|Any CPU
		{363F88C5-2BC7-5F9D-8897-C5E6666A6D4E}.Debug|x86.Build.0 = Debug|Any CPU
		{363F88C5-2BC7-5F9D-8897-C5E6666A6D4E}.Release|Any CPU.ActiveCfg = Release|Any CPU
		{363F88C5-2BC7-5F9D-8897-C5E6666A6D4E}.Release|Any CPU.Build.0 = Release|Any CPU
		{363F88C5-2BC7-5F9D-8897-C5E6666A6D4E}.Release|x64.ActiveCfg = Release|Any CPU
		{363F88C5-2BC7-5F9D-8897-C5E6666A6D4E}.Release|x64.Build.0 = Release|Any CPU
		{363F88C5-2BC7-5F9D-8897-C5E6666A6D4E}.Release|x86.ActiveCfg = Release|Any CPU
		{363F88C5-2BC7-5F9D-8897-C5E6666A6D4E}.Release|x86.Build.0 = Release|Any CPU
		{D4B42B13-2D4C-78C4-5C4A-20C108EE7BCF}.Debug|Any CPU.ActiveCfg = Debug|Any CPU
		{D4B42B13-2D4C-78C4-5C4A-20C108EE7BCF}.Debug|Any CPU.Build.0 = Debug|Any CPU
		{D4B42B13-2D4C-78C4-5C4A-20C108EE7BCF}.Debug|x64.ActiveCfg = Debug|Any CPU
		{D4B42B13-2D4C-78C4-5C4A-20C108EE7BCF}.Debug|x64.Build.0 = Debug|Any CPU
		{D4B42B13-2D4C-78C4-5C4A-20C108EE7BCF}.Debug|x86.ActiveCfg = Debug|Any CPU
		{D4B42B13-2D4C-78C4-5C4A-20C108EE7BCF}.Debug|x86.Build.0 = Debug|Any CPU
		{D4B42B13-2D4C-78C4-5C4A-20C108EE7BCF}.Release|Any CPU.ActiveCfg = Release|Any CPU
		{D4B42B13-2D4C-78C4-5C4A-20C108EE7BCF}.Release|Any CPU.Build.0 = Release|Any CPU
		{D4B42B13-2D4C-78C4-5C4A-20C108EE7BCF}.Release|x64.ActiveCfg = Release|Any CPU
		{D4B42B13-2D4C-78C4-5C4A-20C108EE7BCF}.Release|x64.Build.0 = Release|Any CPU
		{D4B42B13-2D4C-78C4-5C4A-20C108EE7BCF}.Release|x86.ActiveCfg = Release|Any CPU
		{D4B42B13-2D4C-78C4-5C4A-20C108EE7BCF}.Release|x86.Build.0 = Release|Any CPU
		{374D4827-7506-C35D-4BC6-F6B6F6F18786}.Debug|Any CPU.ActiveCfg = Debug|Any CPU
		{374D4827-7506-C35D-4BC6-F6B6F6F18786}.Debug|Any CPU.Build.0 = Debug|Any CPU
		{374D4827-7506-C35D-4BC6-F6B6F6F18786}.Debug|x64.ActiveCfg = Debug|Any CPU
		{374D4827-7506-C35D-4BC6-F6B6F6F18786}.Debug|x64.Build.0 = Debug|Any CPU
		{374D4827-7506-C35D-4BC6-F6B6F6F18786}.Debug|x86.ActiveCfg = Debug|Any CPU
		{374D4827-7506-C35D-4BC6-F6B6F6F18786}.Debug|x86.Build.0 = Debug|Any CPU
		{374D4827-7506-C35D-4BC6-F6B6F6F18786}.Release|Any CPU.ActiveCfg = Release|Any CPU
		{374D4827-7506-C35D-4BC6-F6B6F6F18786}.Release|Any CPU.Build.0 = Release|Any CPU
		{374D4827-7506-C35D-4BC6-F6B6F6F18786}.Release|x64.ActiveCfg = Release|Any CPU
		{374D4827-7506-C35D-4BC6-F6B6F6F18786}.Release|x64.Build.0 = Release|Any CPU
		{374D4827-7506-C35D-4BC6-F6B6F6F18786}.Release|x86.ActiveCfg = Release|Any CPU
		{374D4827-7506-C35D-4BC6-F6B6F6F18786}.Release|x86.Build.0 = Release|Any CPU
		{1C66330B-F3BF-A616-807A-9CEFB9A3FE1D}.Debug|Any CPU.ActiveCfg = Debug|Any CPU
		{1C66330B-F3BF-A616-807A-9CEFB9A3FE1D}.Debug|Any CPU.Build.0 = Debug|Any CPU
		{1C66330B-F3BF-A616-807A-9CEFB9A3FE1D}.Debug|x64.ActiveCfg = Debug|Any CPU
		{1C66330B-F3BF-A616-807A-9CEFB9A3FE1D}.Debug|x64.Build.0 = Debug|Any CPU
		{1C66330B-F3BF-A616-807A-9CEFB9A3FE1D}.Debug|x86.ActiveCfg = Debug|Any CPU
		{1C66330B-F3BF-A616-807A-9CEFB9A3FE1D}.Debug|x86.Build.0 = Debug|Any CPU
		{1C66330B-F3BF-A616-807A-9CEFB9A3FE1D}.Release|Any CPU.ActiveCfg = Release|Any CPU
		{1C66330B-F3BF-A616-807A-9CEFB9A3FE1D}.Release|Any CPU.Build.0 = Release|Any CPU
		{1C66330B-F3BF-A616-807A-9CEFB9A3FE1D}.Release|x64.ActiveCfg = Release|Any CPU
		{1C66330B-F3BF-A616-807A-9CEFB9A3FE1D}.Release|x64.Build.0 = Release|Any CPU
		{1C66330B-F3BF-A616-807A-9CEFB9A3FE1D}.Release|x86.ActiveCfg = Release|Any CPU
		{1C66330B-F3BF-A616-807A-9CEFB9A3FE1D}.Release|x86.Build.0 = Release|Any CPU
		{0963C5E9-FB3D-421E-8450-34B3780A2F91}.Debug|Any CPU.ActiveCfg = Debug|Any CPU
		{0963C5E9-FB3D-421E-8450-34B3780A2F91}.Debug|Any CPU.Build.0 = Debug|Any CPU
		{0963C5E9-FB3D-421E-8450-34B3780A2F91}.Debug|x64.ActiveCfg = Debug|Any CPU
		{0963C5E9-FB3D-421E-8450-34B3780A2F91}.Debug|x64.Build.0 = Debug|Any CPU
		{0963C5E9-FB3D-421E-8450-34B3780A2F91}.Debug|x86.ActiveCfg = Debug|Any CPU
		{0963C5E9-FB3D-421E-8450-34B3780A2F91}.Debug|x86.Build.0 = Debug|Any CPU
		{0963C5E9-FB3D-421E-8450-34B3780A2F91}.Release|Any CPU.ActiveCfg = Release|Any CPU
		{0963C5E9-FB3D-421E-8450-34B3780A2F91}.Release|Any CPU.Build.0 = Release|Any CPU
		{0963C5E9-FB3D-421E-8450-34B3780A2F91}.Release|x64.ActiveCfg = Release|Any CPU
		{0963C5E9-FB3D-421E-8450-34B3780A2F91}.Release|x64.Build.0 = Release|Any CPU
		{0963C5E9-FB3D-421E-8450-34B3780A2F91}.Release|x86.ActiveCfg = Release|Any CPU
		{0963C5E9-FB3D-421E-8450-34B3780A2F91}.Release|x86.Build.0 = Release|Any CPU
		{19C380C6-834A-48AB-8E83-EA19AAFCD233}.Debug|Any CPU.ActiveCfg = Debug|Any CPU
		{19C380C6-834A-48AB-8E83-EA19AAFCD233}.Debug|Any CPU.Build.0 = Debug|Any CPU
		{19C380C6-834A-48AB-8E83-EA19AAFCD233}.Debug|x64.ActiveCfg = Debug|Any CPU
		{19C380C6-834A-48AB-8E83-EA19AAFCD233}.Debug|x64.Build.0 = Debug|Any CPU
		{19C380C6-834A-48AB-8E83-EA19AAFCD233}.Debug|x86.ActiveCfg = Debug|Any CPU
		{19C380C6-834A-48AB-8E83-EA19AAFCD233}.Debug|x86.Build.0 = Debug|Any CPU
		{19C380C6-834A-48AB-8E83-EA19AAFCD233}.Release|Any CPU.ActiveCfg = Release|Any CPU
		{19C380C6-834A-48AB-8E83-EA19AAFCD233}.Release|Any CPU.Build.0 = Release|Any CPU
		{19C380C6-834A-48AB-8E83-EA19AAFCD233}.Release|x64.ActiveCfg = Release|Any CPU
		{19C380C6-834A-48AB-8E83-EA19AAFCD233}.Release|x64.Build.0 = Release|Any CPU
		{19C380C6-834A-48AB-8E83-EA19AAFCD233}.Release|x86.ActiveCfg = Release|Any CPU
		{19C380C6-834A-48AB-8E83-EA19AAFCD233}.Release|x86.Build.0 = Release|Any CPU
	EndGlobalSection
	GlobalSection(SolutionProperties) = preSolution
		HideSolutionNode = FALSE
	EndGlobalSection
	GlobalSection(NestedProjects) = preSolution
		{96177C94-F3CE-4D14-9D31-FB3E9A020411} = {C360E2DE-18FD-46A4-816E-200181CA0DBE}
		{A1932A19-4C1E-4EF9-930E-BE9E8D328E27} = {C360E2DE-18FD-46A4-816E-200181CA0DBE}
		{CDEAD639-3510-795F-833A-5C324C0F3D02} = {C360E2DE-18FD-46A4-816E-200181CA0DBE}
		{19EB42E7-A8D7-4861-B2A8-AD07A97B2D0A} = {13DD898B-41C7-4B5A-B633-A2D0B5B299ED}
		{34F9EEDD-618C-4543-ACC9-19ABFC82243A} = {13DD898B-41C7-4B5A-B633-A2D0B5B299ED}
		{13DD898B-41C7-4B5A-B633-A2D0B5B299ED} = {02EA681E-C7D8-13C7-8484-4AC65E1B71E8}
		{3A3510D1-AA40-41CA-B181-A2D654FC8362} = {02EA681E-C7D8-13C7-8484-4AC65E1B71E8}
		{69DF0FB2-AACE-FBD5-9979-321232D0EB5C} = {C360E2DE-18FD-46A4-816E-200181CA0DBE}
		{AAE47002-5FE4-1EB3-2A7E-BE934BA1D30B} = {34F9EEDD-618C-4543-ACC9-19ABFC82243A}
		{363F88C5-2BC7-5F9D-8897-C5E6666A6D4E} = {19EB42E7-A8D7-4861-B2A8-AD07A97B2D0A}
		{D4B42B13-2D4C-78C4-5C4A-20C108EE7BCF} = {19EB42E7-A8D7-4861-B2A8-AD07A97B2D0A}
		{374D4827-7506-C35D-4BC6-F6B6F6F18786} = {19EB42E7-A8D7-4861-B2A8-AD07A97B2D0A}
		{1C66330B-F3BF-A616-807A-9CEFB9A3FE1D} = {19EB42E7-A8D7-4861-B2A8-AD07A97B2D0A}
		{0963C5E9-FB3D-421E-8450-34B3780A2F91} = {3A3510D1-AA40-41CA-B181-A2D654FC8362}
		{19C380C6-834A-48AB-8E83-EA19AAFCD233} = {19EB42E7-A8D7-4861-B2A8-AD07A97B2D0A}
	EndGlobalSection
	GlobalSection(ExtensibilityGlobals) = postSolution
		SolutionGuid = {F13EAA3E-2ED4-4C54-A289-936DC3667A0C}
	EndGlobalSection
EndGlobal
